github.com/disic/frago v1.6.1 h1:U2u5IACvX+Y9CzCMBSMDQgEd1wVmsG2sxE3BgfaRsns=
github.com/disic/frago v1.6.1/go.mod h1:P+FGLyK+Tit1HIeu1aDFxIwQCCrYTJflqCX0Xue/jXM=
github.com/disic/frago v1.6.7 h1:v+rvpnh3bTaFZ9aeFwFJLCztW1RiX5IZoapIY8NLNEU=
github.com/disic/frago v1.6.7/go.mod h1:P+FGLyK+Tit1HIeu1aDFxIwQCCrYTJflqCX0Xue/jXM=
